# This file is automatically @generated by Cargo.
# It is not intended for manual editing.
version = 4

[[package]]
name = "aonw_contract_mapping"
version = "0.1.0"
dependencies = [
 "aonw_contracts",
 "aonw_domain",
]

[[package]]
name = "aonw_contracts"
version = "0.1.0"

[[package]]
name = "aonw_domain"
version = "0.1.0"

[[package]]
name = "aonw_engine"
version = "0.1.0"
dependencies = [
 "aonw_domain",
]
